
Microsoft Visual Studio Solution File, Format Version 12.00
# Visual Studio Version 17
VisualStudioVersion = 17.9.34728.123
MinimumVisualStudioVersion = 10.0.40219.1
Project("{FAE04EC0-301F-11D3-BF4B-00C04F79EFBC}") = "TripBooking.Api", "TripBooking.Api\TripBooking.Api.csproj", "{AD90605D-2522-42BB-9944-CA6EB3630C5A}"
EndProject
Project("{FAE04EC0-301F-11D3-BF4B-00C04F79EFBC}") = "TripBooking.Data", "TripBooking.Data\TripBooking.Data.csproj", "{D54D5A22-83E8-4AB8-AFB1-171889E5C15D}"
EndProject
Project("{FAE04EC0-301F-11D3-BF4B-00C04F79EFBC}") = "TripBooking.Business", "TripBooking.Business\TripBooking.Business.csproj", "{994359AF-A215-4DA9-AD48-7855F04C8F22}"
EndProject
Project("{FAE04EC0-301F-11D3-BF4B-00C04F79EFBC}") = "TripBooking.Shared", "TripBooking.Shared\TripBooking.Shared.csproj", "{68FCBD2B-DB41-4E34-A8E2-FE59B2B2ECA2}"
EndProject
Project("{FAE04EC0-301F-11D3-BF4B-00C04F79EFBC}") = "TripBooking.Tests", "TripBooking.Tests\TripBooking.Tests.csproj", "{86F7F7BB-2690-51DC-B164-9791FA81693A}"
EndProject
Global
	GlobalSection(SolutionConfigurationPlatforms) = preSolution
		Debug|Any CPU = Debug|Any CPU
		Release|Any CPU = Release|Any CPU
	EndGlobalSection
	GlobalSection(ProjectConfigurationPlatforms) = postSolution
		{AD90605D-2522-42BB-9944-CA6EB3630C5A}.Debug|Any CPU.ActiveCfg = Debug|Any CPU
		{AD90605D-2522-42BB-9944-CA6EB3630C5A}.Debug|Any CPU.Build.0 = Debug|Any CPU
		{AD90605D-2522-42BB-9944-CA6EB3630C5A}.Release|Any CPU.ActiveCfg = Release|Any CPU
		{AD90605D-2522-42BB-9944-CA6EB3630C5A}.Release|Any CPU.Build.0 = Release|Any CPU
		{D54D5A22-83E8-4AB8-AFB1-171889E5C15D}.Debug|Any CPU.ActiveCfg = Debug|Any CPU
		{D54D5A22-83E8-4AB8-AFB1-171889E5C15D}.Debug|Any CPU.Build.0 = Debug|Any CPU
		{D54D5A22-83E8-4AB8-AFB1-171889E5C15D}.Release|Any CPU.ActiveCfg = Release|Any CPU
		{D54D5A22-83E8-4AB8-AFB1-171889E5C15D}.Release|Any CPU.Build.0 = Release|Any CPU
		{994359AF-A215-4DA9-AD48-7855F04C8F22}.Debug|Any CPU.ActiveCfg = Debug|Any CPU
		{994359AF-A215-4DA9-AD48-7855F04C8F22}.Debug|Any CPU.Build.0 = Debug|Any CPU
		{994359AF-A215-4DA9-AD48-7855F04C8F22}.Release|Any CPU.ActiveCfg = Release|Any CPU
		{994359AF-A215-4DA9-AD48-7855F04C8F22}.Release|Any CPU.Build.0 = Release|Any CPU
		{68FCBD2B-DB41-4E34-A8E2-FE59B2B2ECA2}.Debug|Any CPU.ActiveCfg = Debug|Any CPU
		{68FCBD2B-DB41-4E34-A8E2-FE59B2B2ECA2}.Debug|Any CPU.Build.0 = Debug|Any CPU
		{68FCBD2B-DB41-4E34-A8E2-FE59B2B2ECA2}.Release|Any CPU.ActiveCfg = Release|Any CPU
		{68FCBD2B-DB41-4E34-A8E2-FE59B2B2ECA2}.Release|Any CPU.Build.0 = Release|Any CPU
		{86F7F7BB-2690-51DC-B164-9791FA81693A}.Debug|Any CPU.ActiveCfg = Debug|Any CPU
		{86F7F7BB-2690-51DC-B164-9791FA81693A}.Debug|Any CPU.Build.0 = Debug|Any CPU
		{86F7F7BB-2690-51DC-B164-9791FA81693A}.Release|Any CPU.ActiveCfg = Release|Any CPU
		{86F7F7BB-2690-51DC-B164-9791FA81693A}.Release|Any CPU.Build.0 = Release|Any CPU
	EndGlobalSection
	GlobalSection(SolutionProperties) = preSolution
		HideSolutionNode = FALSE
	EndGlobalSection
	GlobalSection(ExtensibilityGlobals) = postSolution
		SolutionGuid = {688A9112-C0C0-48F0-B1CD-D57D48CFBF05}
	EndGlobalSection
EndGlobal
