
Microsoft Visual Studio Solution File, Format Version 12.00
# Visual Studio Version 17
VisualStudioVersion = 17.9.34728.123
MinimumVisualStudioVersion = 10.0.40219.1
Project("{FAE04EC0-301F-11D3-BF4B-00C04F79EFBC}") = "TripBooking.Api", "TripBooking.Api\TripBooking.Api.csproj", "{AD90605D-2522-42BB-9944-CA6EB3630C5A}"
EndProject
Project("{FAE04EC0-301F-11D3-BF4B-00C04F79EFBC}") = "TripBooking.Data", "TripBooking.Data\TripBooking.Data.csproj", "{D54D5A22-83E8-4AB8-AFB1-171889E5C15D}"
EndProject
Global
	GlobalSection(SolutionConfigurationPlatforms) = preSolution
		Debug|Any CPU = Debug|Any CPU
		Release|Any CPU = Release|Any CPU
	EndGlobalSection
	GlobalSection(ProjectConfigurationPlatforms) = postSolution
		{AD90605D-2522-42BB-9944-CA6EB3630C5A}.Debug|Any CPU.ActiveCfg = Debug|Any CPU
		{AD90605D-2522-42BB-9944-CA6EB3630C5A}.Debug|Any CPU.Build.0 = Debug|Any CPU
		{AD90605D-2522-42BB-9944-CA6EB3630C5A}.Release|Any CPU.ActiveCfg = Release|Any CPU
		{AD90605D-2522-42BB-9944-CA6EB3630C5A}.Release|Any CPU.Build.0 = Release|Any CPU
		{D54D5A22-83E8-4AB8-AFB1-171889E5C15D}.Debug|Any CPU.ActiveCfg = Debug|Any CPU
		{D54D5A22-83E8-4AB8-AFB1-171889E5C15D}.Debug|Any CPU.Build.0 = Debug|Any CPU
		{D54D5A22-83E8-4AB8-AFB1-171889E5C15D}.Release|Any CPU.ActiveCfg = Release|Any CPU
		{D54D5A22-83E8-4AB8-AFB1-171889E5C15D}.Release|Any CPU.Build.0 = Release|Any CPU
	EndGlobalSection
	GlobalSection(SolutionProperties) = preSolution
		HideSolutionNode = FALSE
	EndGlobalSection
	GlobalSection(ExtensibilityGlobals) = postSolution
		SolutionGuid = {688A9112-C0C0-48F0-B1CD-D57D48CFBF05}
	EndGlobalSection
EndGlobal
